// !$*UTF8*$!
{
	archiveVersion = 1;
	classes = {
	};
	objectVersion = 77;
	objects = {

/* Begin PBXBuildFile section */
		1544E9B519F36FBC45876290 /* FitLogWebView.swift in Sources */ = {isa = PBXBuildFile; fileRef = 64612C8A23F0D24B6FF4F194 /* FitLogWebView.swift */; };
		1621A2AB7F1F94BEF87DD543 /* FitLogApp.swift in Sources */ = {isa = PBXBuildFile; fileRef = D030693D1D7F304D9FFFAA6E /* FitLogApp.swift */; };
		18C441A831F051C45A434A6F /* HealthBridgeController.swift in Sources */ = {isa = PBXBuildFile; fileRef = 23B3273B421C1897EFE7CE6D /* HealthBridgeController.swift */; };
		7561ABA972F1716C7CD3B56C /* HealthKitService.swift in Sources */ = {isa = PBXBuildFile; fileRef = 1AEFFC7734B925CA3243EF40 /* HealthKitService.swift */; };
		8E257415F0394A8828FE83E6 /* HealthPayload.swift in Sources */ = {isa = PBXBuildFile; fileRef = D7E81E7DAD74FDAE404138CE /* HealthPayload.swift */; };
/* End PBXBuildFile section */

/* Begin PBXFileReference section */
		1AEFFC7734B925CA3243EF40 /* HealthKitService.swift */ = {isa = PBXFileReference; lastKnownFileType = sourcecode.swift; path = HealthKitService.swift; sourceTree = "<group>"; };
		23364300CFA5D7434947E46B /* FitLog.app */ = {isa = PBXFileReference; includeInIndex = 0; lastKnownFileType = wrapper.application; path = FitLog.app; sourceTree = BUILT_PRODUCTS_DIR; };
		23B3273B421C1897EFE7CE6D /* HealthBridgeController.swift */ = {isa = PBXFileReference; lastKnownFileType = sourcecode.swift; path = HealthBridgeController.swift; sourceTree = "<group>"; };
		64612C8A23F0D24B6FF4F194 /* FitLogWebView.swift */ = {isa = PBXFileReference; lastKnownFileType = sourcecode.swift; path = FitLogWebView.swift; sourceTree = "<group>"; };
		D030693D1D7F304D9FFFAA6E /* FitLogApp.swift */ = {isa = PBXFileReference; lastKnownFileType = sourcecode.swift; path = FitLogApp.swift; sourceTree = "<group>"; };
		D7E81E7DAD74FDAE404138CE /* HealthPayload.swift */ = {isa = PBXFileReference; lastKnownFileType = sourcecode.swift; path = HealthPayload.swift; sourceTree = "<group>"; };
/* End PBXFileReference section */

/* Begin PBXGroup section */
		3FD9A4B2083ECC07AF6C1B12 = {
			isa = PBXGroup;
			children = (
				676A6D6DC73633D550EB277D /* FitLog */,
				E0607CC7BEA8D416627930CC /* Products */,
			);
			sourceTree = "<group>";
		};
		676A6D6DC73633D550EB277D /* FitLog */ = {
			isa = PBXGroup;
			children = (
				D030693D1D7F304D9FFFAA6E /* FitLogApp.swift */,
				64612C8A23F0D24B6FF4F194 /* FitLogWebView.swift */,
				23B3273B421C1897EFE7CE6D /* HealthBridgeController.swift */,
				1AEFFC7734B925CA3243EF40 /* HealthKitService.swift */,
				D7E81E7DAD74FDAE404138CE /* HealthPayload.swift */,
			);
			path = FitLog;
			sourceTree = "<group>";
		};
		E0607CC7BEA8D416627930CC /* Products */ = {
			isa = PBXGroup;
			children = (
				23364300CFA5D7434947E46B /* FitLog.app */,
			);
			name = Products;
			sourceTree = "<group>";
		};
/* End PBXGroup section */

/* Begin PBXNativeTarget section */
		F4A6B0CF40A4CE3B9B58FFB4 /* FitLog */ = {
			isa = PBXNativeTarget;
			buildConfigurationList = C60873032C12E6B7B99664DC /* Build configuration list for PBXNativeTarget "FitLog" */;
			buildPhases = (
				E566A657E3A1415E62A1792F /* Sources */,
			);
			buildRules = (
			);
			dependencies = (
			);
			name = FitLog;
			packageProductDependencies = (
			);
			productName = FitLog;
			productReference = 23364300CFA5D7434947E46B /* FitLog.app */;
			productType = "com.apple.product-type.application";
		};
/* End PBXNativeTarget section */

/* Begin PBXProject section */
		24DF4F8E2B93450E54FF166B /* Project object */ = {
			isa = PBXProject;
			attributes = {
				BuildIndependentTargetsInParallel = YES;
				LastUpgradeCheck = 1430;
				TargetAttributes = {
					F4A6B0CF40A4CE3B9B58FFB4 = {
						ProvisioningStyle = Automatic;
					};
				};
			};
			buildConfigurationList = 70E2334EAD38DF8972ED49B9 /* Build configuration list for PBXProject "FitLog" */;
			developmentRegion = en;
			hasScannedForEncodings = 0;
			knownRegions = (
				Base,
				en,
			);
			mainGroup = 3FD9A4B2083ECC07AF6C1B12;
			minimizedProjectReferenceProxies = 1;
			preferredProjectObjectVersion = 77;
			productRefGroup = E0607CC7BEA8D416627930CC /* Products */;
			projectDirPath = "";
			projectRoot = "";
			targets = (
				F4A6B0CF40A4CE3B9B58FFB4 /* FitLog */,
			);
		};
/* End PBXProject section */

/* Begin PBXSourcesBuildPhase section */
		E566A657E3A1415E62A1792F /* Sources */ = {
			isa = PBXSourcesBuildPhase;
			buildActionMask = 2147483647;
			files = (
				1621A2AB7F1F94BEF87DD543 /* FitLogApp.swift in Sources */,
				1544E9B519F36FBC45876290 /* FitLogWebView.swift in Sources */,
				18C441A831F051C45A434A6F /* HealthBridgeController.swift in Sources */,
				7561ABA972F1716C7CD3B56C /* HealthKitService.swift in Sources */,
				8E257415F0394A8828FE83E6 /* HealthPayload.swift in Sources */,
			);
			runOnlyForDeploymentPostprocessing = 0;
		};
/* End PBXSourcesBuildPhase section */

/* Begin XCBuildConfiguration section */
		33C3CB0638FDE66263EC6DEC /* Release */ = {
			isa = XCBuildConfiguration;
			buildSettings = {
				ALWAYS_SEARCH_USER_PATHS = NO;
				CLANG_ANALYZER_NONNULL = YES;
				CLANG_ANALYZER_NUMBER_OBJECT_CONVERSION = YES_AGGRESSIVE;
				CLANG_CXX_LANGUAGE_STANDARD = "gnu++14";
				CLANG_CXX_LIBRARY = "libc++";
				CLANG_ENABLE_MODULES = YES;
				CLANG_ENABLE_OBJC_ARC = YES;
				CLANG_ENABLE_OBJC_WEAK = YES;
				CLANG_WARN_BLOCK_CAPTURE_AUTORELEASING = YES;
				CLANG_WARN_BOOL_CONVERSION = YES;
				CLANG_WARN_COMMA = YES;
				CLANG_WARN_CONSTANT_CONVERSION = YES;
				CLANG_WARN_DEPRECATED_OBJC_IMPLEMENTATIONS = YES;
				CLANG_WARN_DIRECT_OBJC_ISA_USAGE = YES_ERROR;
				CLANG_WARN_DOCUMENTATION_COMMENTS = YES;
				CLANG_WARN_EMPTY_BODY = YES;
				CLANG_WARN_ENUM_CONVERSION = YES;
				CLANG_WARN_INFINITE_RECURSION = YES;
				CLANG_WARN_INT_CONVERSION = YES;
				CLANG_WARN_NON_LITERAL_NULL_CONVERSION = YES;
				CLANG_WARN_OBJC_IMPLICIT_RETAIN_SELF = YES;
				CLANG_WARN_OBJC_LITERAL_CONVERSION = YES;
				CLANG_WARN_OBJC_ROOT_CLASS = YES_ERROR;
				CLANG_WARN_QUOTED_INCLUDE_IN_FRAMEWORK_HEADER = YES;
				CLANG_WARN_RANGE_LOOP_ANALYSIS = YES;
				CLANG_WARN_STRICT_PROTOTYPES = YES;
				CLANG_WARN_SUSPICIOUS_MOVE = YES;
				CLANG_WARN_UNGUARDED_AVAILABILITY = YES_AGGRESSIVE;
				CLANG_WARN_UNREACHABLE_CODE = YES;
				CLANG_WARN__DUPLICATE_METHOD_MATCH = YES;
				COPY_PHASE_STRIP = NO;
				CURRENT_PROJECT_VERSION = 1;
				DEBUG_INFORMATION_FORMAT = "dwarf-with-dsym";
				ENABLE_NS_ASSERTIONS = NO;
				ENABLE_STRICT_OBJC_MSGSEND = YES;
				GCC_C_LANGUAGE_STANDARD = gnu11;
				GCC_NO_COMMON_BLOCKS = YES;
				GCC_WARN_64_TO_32_BIT_CONVERSION = YES;
				GCC_WARN_ABOUT_RETURN_TYPE = YES_ERROR;
				GCC_WARN_UNDECLARED_SELECTOR = YES;
				GCC_WARN_UNINITIALIZED_AUTOS = YES_AGGRESSIVE;
				GCC_WARN_UNUSED_FUNCTION = YES;
				GCC_WARN_UNUSED_VARIABLE = YES;
				IPHONEOS_DEPLOYMENT_TARGET = 17.0;
				MARKETING_VERSION = 13.1.0;
				MTL_ENABLE_DEBUG_INFO = NO;
				MTL_FAST_MATH = YES;
				PRODUCT_NAME = "$(TARGET_NAME)";
				SDKROOT = iphoneos;
				SWIFT_COMPILATION_MODE = wholemodule;
				SWIFT_OPTIMIZATION_LEVEL = "-O";
				SWIFT_STRICT_CONCURRENCY = minimal;
				SWIFT_VERSION = 5.0;
			};
			name = Release;
		};
		8A23608549DB966A16AF2CA2 /* Debug */ = {
			isa = XCBuildConfiguration;
			buildSettings = {
				ASSETCATALOG_COMPILER_APPICON_NAME = AppIcon;
				CODE_SIGN_ENTITLEMENTS = FitLog/FitLog.entitlements;
				CODE_SIGN_IDENTITY = "iPhone Developer";
				CODE_SIGN_STYLE = Automatic;
				INFOPLIST_FILE = FitLog/Info.plist;
				LD_RUNPATH_SEARCH_PATHS = (
					"$(inherited)",
					"@executable_path/Frameworks",
				);
				PRODUCT_BUNDLE_IDENTIFIER = com.slcx0526.fitlog;
				PRODUCT_NAME = FitLog;
				SDKROOT = iphoneos;
				SUPPORTS_MACCATALYST = NO;
				TARGETED_DEVICE_FAMILY = 1;
			};
			name = Debug;
		};
		EC37A86D5737FA85DF063EA4 /* Release */ = {
			isa = XCBuildConfiguration;
			buildSettings = {
				ASSETCATALOG_COMPILER_APPICON_NAME = AppIcon;
				CODE_SIGN_ENTITLEMENTS = FitLog/FitLog.entitlements;
				CODE_SIGN_IDENTITY = "iPhone Developer";
				CODE_SIGN_STYLE = Automatic;
				INFOPLIST_FILE = FitLog/Info.plist;
				LD_RUNPATH_SEARCH_PATHS = (
					"$(inherited)",
					"@executable_path/Frameworks",
				);
				PRODUCT_BUNDLE_IDENTIFIER = com.slcx0526.fitlog;
				PRODUCT_NAME = FitLog;
				SDKROOT = iphoneos;
				SUPPORTS_MACCATALYST = NO;
				TARGETED_DEVICE_FAMILY = 1;
			};
			name = Release;
		};
		ECB3AF371B0B6A24A354EE9D /* Debug */ = {
			isa = XCBuildConfiguration;
			buildSettings = {
				ALWAYS_SEARCH_USER_PATHS = NO;
				CLANG_ANALYZER_NONNULL = YES;
				CLANG_ANALYZER_NUMBER_OBJECT_CONVERSION = YES_AGGRESSIVE;
				CLANG_CXX_LANGUAGE_STANDARD = "gnu++14";
				CLANG_CXX_LIBRARY = "libc++";
				CLANG_ENABLE_MODULES = YES;
				CLANG_ENABLE_OBJC_ARC = YES;
				CLANG_ENABLE_OBJC_WEAK = YES;
				CLANG_WARN_BLOCK_CAPTURE_AUTORELEASING = YES;
				CLANG_WARN_BOOL_CONVERSION = YES;
				CLANG_WARN_COMMA = YES;
				CLANG_WARN_CONSTANT_CONVERSION = YES;
				CLANG_WARN_DEPRECATED_OBJC_IMPLEMENTATIONS = YES;
				CLANG_WARN_DIRECT_OBJC_ISA_USAGE = YES_ERROR;
				CLANG_WARN_DOCUMENTATION_COMMENTS = YES;
				CLANG_WARN_EMPTY_BODY = YES;
				CLANG_WARN_ENUM_CONVERSION = YES;
				CLANG_WARN_INFINITE_RECURSION = YES;
				CLANG_WARN_INT_CONVERSION = YES;
				CLANG_WARN_NON_LITERAL_NULL_CONVERSION = YES;
				CLANG_WARN_OBJC_IMPLICIT_RETAIN_SELF = YES;
				CLANG_WARN_OBJC_LITERAL_CONVERSION = YES;
				CLANG_WARN_OBJC_ROOT_CLASS = YES_ERROR;
				CLANG_WARN_QUOTED_INCLUDE_IN_FRAMEWORK_HEADER = YES;
				CLANG_WARN_RANGE_LOOP_ANALYSIS = YES;
				CLANG_WARN_STRICT_PROTOTYPES = YES;
				CLANG_WARN_SUSPICIOUS_MOVE = YES;
				CLANG_WARN_UNGUARDED_AVAILABILITY = YES_AGGRESSIVE;
				CLANG_WARN_UNREACHABLE_CODE = YES;
				CLANG_WARN__DUPLICATE_METHOD_MATCH = YES;
				COPY_PHASE_STRIP = NO;
				CURRENT_PROJECT_VERSION = 1;
				DEBUG_INFORMATION_FORMAT = dwarf;
				ENABLE_STRICT_OBJC_MSGSEND = YES;
				ENABLE_TESTABILITY = YES;
				GCC_C_LANGUAGE_STANDARD = gnu11;
				GCC_DYNAMIC_NO_PIC = NO;
				GCC_NO_COMMON_BLOCKS = YES;
				GCC_OPTIMIZATION_LEVEL = 0;
				GCC_PREPROCESSOR_DEFINITIONS = (
					"$(inherited)",
					"DEBUG=1",
				);
				GCC_WARN_64_TO_32_BIT_CONVERSION = YES;
				GCC_WARN_ABOUT_RETURN_TYPE = YES_ERROR;
				GCC_WARN_UNDECLARED_SELECTOR = YES;
				GCC_WARN_UNINITIALIZED_AUTOS = YES_AGGRESSIVE;
				GCC_WARN_UNUSED_FUNCTION = YES;
				GCC_WARN_UNUSED_VARIABLE = YES;
				IPHONEOS_DEPLOYMENT_TARGET = 17.0;
				MARKETING_VERSION = 13.1.0;
				MTL_ENABLE_DEBUG_INFO = INCLUDE_SOURCE;
				MTL_FAST_MATH = YES;
				ONLY_ACTIVE_ARCH = YES;
				PRODUCT_NAME = "$(TARGET_NAME)";
				SDKROOT = iphoneos;
				SWIFT_ACTIVE_COMPILATION_CONDITIONS = DEBUG;
				SWIFT_OPTIMIZATION_LEVEL = "-Onone";
				SWIFT_STRICT_CONCURRENCY = minimal;
				SWIFT_VERSION = 5.0;
			};
			name = Debug;
		};
/* End XCBuildConfiguration section */

/* Begin XCConfigurationList section */
		70E2334EAD38DF8972ED49B9 /* Build configuration list for PBXProject "FitLog" */ = {
			isa = XCConfigurationList;
			buildConfigurations = (
				ECB3AF371B0B6A24A354EE9D /* Debug */,
				33C3CB0638FDE66263EC6DEC /* Release */,
			);
			defaultConfigurationIsVisible = 0;
			defaultConfigurationName = Debug;
		};
		C60873032C12E6B7B99664DC /* Build configuration list for PBXNativeTarget "FitLog" */ = {
			isa = XCConfigurationList;
			buildConfigurations = (
				8A23608549DB966A16AF2CA2 /* Debug */,
				EC37A86D5737FA85DF063EA4 /* Release */,
			);
			defaultConfigurationIsVisible = 0;
			defaultConfigurationName = Debug;
		};
/* End XCConfigurationList section */
	};
	rootObject = 24DF4F8E2B93450E54FF166B /* Project object */;
}
